// !$*UTF8*$!
{
	archiveVersion = 1;
	classes = {
	};
	objectVersion = 50;
	objects = {

/* Begin PBXBuildFile section */
		E79B8ABA25A45622004A3808 /* AppDelegate.m in Sources */ = {isa = PBXBuildFile; fileRef = E79B8AB925A45622004A3808 /* AppDelegate.m */; };
		E79B8ABD25A45622004A3808 /* ViewController.m in Sources */ = {isa = PBXBuildFile; fileRef = E79B8ABC25A45622004A3808 /* ViewController.m */; };
		E79B8AC025A45622004A3808 /* Main.storyboard in Resources */ = {isa = PBXBuildFile; fileRef = E79B8ABE25A45622004A3808 /* Main.storyboard */; };
		E79B8AC225A45624004A3808 /* Assets.xcassets in Resources */ = {isa = PBXBuildFile; fileRef = E79B8AC125A45624004A3808 /* Assets.xcassets */; };
		E79B8AC525A45624004A3808 /* LaunchScreen.storyboard in Resources */ = {isa = PBXBuildFile; fileRef = E79B8AC325A45624004A3808 /* LaunchScreen.storyboard */; };
		E79B8AC825A45624004A3808 /* main.m in Sources */ = {isa = PBXBuildFile; fileRef = E79B8AC725A45624004A3808 /* main.m */; };
		E79B8AD225A45624004A3808 /* practiceTests.m in Sources */ = {isa = PBXBuildFile; fileRef = E79B8AD125A45624004A3808 /* practiceTests.m */; };
/* End PBXBuildFile section */

/* Begin PBXContainerItemProxy section */
		E79B8ACE25A45624004A3808 /* PBXContainerItemProxy */ = {
			isa = PBXContainerItemProxy;
			containerPortal = E79B8AAD25A45622004A3808 /* Project object */;
			proxyType = 1;
			remoteGlobalIDString = E79B8AB425A45622004A3808;
			remoteInfo = practice;
		};
/* End PBXContainerItemProxy section */

/* Begin PBXFileReference section */
		E79B8AB525A45622004A3808 /* practice.app */ = {isa = PBXFileReference; explicitFileType = wrapper.application; includeInIndex = 0; path = practice.app; sourceTree = BUILT_PRODUCTS_DIR; };
		E79B8AB825A45622004A3808 /* AppDelegate.h */ = {isa = PBXFileReference; lastKnownFileType = sourcecode.c.h; path = AppDelegate.h; sourceTree = "<group>"; };
		E79B8AB925A45622004A3808 /* AppDelegate.m */ = {isa = PBXFileReference; lastKnownFileType = sourcecode.c.objc; path = AppDelegate.m; sourceTree = "<group>"; };
		E79B8ABB25A45622004A3808 /* ViewController.h */ = {isa = PBXFileReference; lastKnownFileType = sourcecode.c.h; path = ViewController.h; sourceTree = "<group>"; };
		E79B8ABC25A45622004A3808 /* ViewController.m */ = {isa = PBXFileReference; lastKnownFileType = sourcecode.c.objc; path = ViewController.m; sourceTree = "<group>"; };
		E79B8ABF25A45622004A3808 /* Base */ = {isa = PBXFileReference; lastKnownFileType = file.storyboard; name = Base; path = Base.lproj/Main.storyboard; sourceTree = "<group>"; };
		E79B8AC125A45624004A3808 /* Assets.xcassets */ = {isa = PBXFileReference; lastKnownFileType = folder.assetcatalog; path = Assets.xcassets; sourceTree = "<group>"; };
		E79B8AC425A45624004A3808 /* Base */ = {isa = PBXFileReference; lastKnownFileType = file.storyboard; name = Base; path = Base.lproj/LaunchScreen.storyboard; sourceTree = "<group>"; };
		E79B8AC625A45624004A3808 /* Info.plist */ = {isa = PBXFileReference; lastKnownFileType = text.plist.xml; path = Info.plist; sourceTree = "<group>"; };
		E79B8AC725A45624004A3808 /* main.m */ = {isa = PBXFileReference; lastKnownFileType = sourcecode.c.objc; path = main.m; sourceTree = "<group>"; };
		E79B8ACD25A45624004A3808 /* practiceTests.xctest */ = {isa = PBXFileReference; explicitFileType = wrapper.cfbundle; includeInIndex = 0; path = practiceTests.xctest; sourceTree = BUILT_PRODUCTS_DIR; };
		E79B8AD125A45624004A3808 /* practiceTests.m */ = {isa = PBXFileReference; lastKnownFileType = sourcecode.c.objc; path = practiceTests.m; sourceTree = "<group>"; };
		E79B8AD325A45624004A3808 /* Info.plist */ = {isa = PBXFileReference; lastKnownFileType = text.plist.xml; path = Info.plist; sourceTree = "<group>"; };
/* End PBXFileReference section */

/* Begin PBXFrameworksBuildPhase section */
		E79B8AB225A45622004A3808 /* Frameworks */ = {
			isa = PBXFrameworksBuildPhase;
			buildActionMask = 2147483647;
			files = (
			);
			runOnlyForDeploymentPostprocessing = 0;
		};
		E79B8ACA25A45624004A3808 /* Frameworks */ = {
			isa = PBXFrameworksBuildPhase;
			buildActionMask = 2147483647;
			files = (
			);
			runOnlyForDeploymentPostprocessing = 0;
		};
/* End PBXFrameworksBuildPhase section */

/* Begin PBXGroup section */
		E79B8AAC25A45622004A3808 = {
			isa = PBXGroup;
			children = (
				E79B8AB725A45622004A3808 /* practice */,
				E79B8AD025A45624004A3808 /* practiceTests */,
				E79B8AB625A45622004A3808 /* Products */,
			);
			sourceTree = "<group>";
		};
		E79B8AB625A45622004A3808 /* Products */ = {
			isa = PBXGroup;
			children = (
				E79B8AB525A45622004A3808 /* practice.app */,
				E79B8ACD25A45624004A3808 /* practiceTests.xctest */,
			);
			name = Products;
			sourceTree = "<group>";
		};
		E79B8AB725A45622004A3808 /* practice */ = {
			isa = PBXGroup;
			children = (
				E79B8AB825A45622004A3808 /* AppDelegate.h */,
				E79B8AB925A45622004A3808 /* AppDelegate.m */,
				E79B8ABB25A45622004A3808 /* ViewController.h */,
				E79B8ABC25A45622004A3808 /* ViewController.m */,
				E79B8ABE25A45622004A3808 /* Main.storyboard */,
				E79B8AC125A45624004A3808 /* Assets.xcassets */,
				E79B8AC325A45624004A3808 /* LaunchScreen.storyboard */,
				E79B8AC625A45624004A3808 /* Info.plist */,
				E79B8AC725A45624004A3808 /* main.m */,
			);
			path = practice;
			sourceTree = "<group>";
		};
		E79B8AD025A45624004A3808 /* practiceTests */ = {
			isa = PBXGroup;
			children = (
				E79B8AD125A45624004A3808 /* practiceTests.m */,
				E79B8AD325A45624004A3808 /* Info.plist */,
			);
			path = practiceTests;
			sourceTree = "<group>";
		};
/* End PBXGroup section */

/* Begin PBXNativeTarget section */
		E79B8AB425A45622004A3808 /* practice */ = {
			isa = PBXNativeTarget;
			buildConfigurationList = E79B8AD625A45624004A3808 /* Build configuration list for PBXNativeTarget "practice" */;
			buildPhases = (
				E79B8AB125A45622004A3808 /* Sources */,
				E79B8AB225A45622004A3808 /* Frameworks */,
				E79B8AB325A45622004A3808 /* Resources */,
			);
			buildRules = (
			);
			dependencies = (
			);
			name = practice;
			productName = practice;
			productReference = E79B8AB525A45622004A3808 /* practice.app */;
			productType = "com.apple.product-type.application";
		};
		E79B8ACC25A45624004A3808 /* practiceTests */ = {
			isa = PBXNativeTarget;
			buildConfigurationList = E79B8AD925A45624004A3808 /* Build configuration list for PBXNativeTarget "practiceTests" */;
			buildPhases = (
				E79B8AC925A45624004A3808 /* Sources */,
				E79B8ACA25A45624004A3808 /* Frameworks */,
				E79B8ACB25A45624004A3808 /* Resources */,
			);
			buildRules = (
			);
			dependencies = (
				E79B8ACF25A45624004A3808 /* PBXTargetDependency */,
			);
			name = practiceTests;
			productName = practiceTests;
			productReference = E79B8ACD25A45624004A3808 /* practiceTests.xctest */;
			productType = "com.apple.product-type.bundle.unit-test";
		};
/* End PBXNativeTarget section */

/* Begin PBXProject section */
		E79B8AAD25A45622004A3808 /* Project object */ = {
			isa = PBXProject;
			attributes = {
				LastUpgradeCheck = 1010;
				ORGANIZATIONNAME = hjx;
				TargetAttributes = {
					E79B8AB425A45622004A3808 = {
						CreatedOnToolsVersion = 10.1;
					};
					E79B8ACC25A45624004A3808 = {
						CreatedOnToolsVersion = 10.1;
						TestTargetID = E79B8AB425A45622004A3808;
					};
				};
			};
			buildConfigurationList = E79B8AB025A45622004A3808 /* Build configuration list for PBXProject "practice" */;
			compatibilityVersion = "Xcode 9.3";
			developmentRegion = en;
			hasScannedForEncodings = 0;
			knownRegions = (
				en,
				Base,
			);
			mainGroup = E79B8AAC25A45622004A3808;
			productRefGroup = E79B8AB625A45622004A3808 /* Products */;
			projectDirPath = "";
			projectRoot = "";
			targets = (
				E79B8AB425A45622004A3808 /* practice */,
				E79B8ACC25A45624004A3808 /* practiceTests */,
			);
		};
/* End PBXProject section */

/* Begin PBXResourcesBuildPhase section */
		E79B8AB325A45622004A3808 /* Resources */ = {
			isa = PBXResourcesBuildPhase;
			buildActionMask = 2147483647;
			files = (
				E79B8AC525A45624004A3808 /* LaunchScreen.storyboard in Resources */,
				E79B8AC225A45624004A3808 /* Assets.xcassets in Resources */,
				E79B8AC025A45622004A3808 /* Main.storyboard in Resources */,
			);
			runOnlyForDeploymentPostprocessing = 0;
		};
		E79B8ACB25A45624004A3808 /* Resources */ = {
			isa = PBXResourcesBuildPhase;
			buildActionMask = 2147483647;
			files = (
			);
			runOnlyForDeploymentPostprocessing = 0;
		};
/* End PBXResourcesBuildPhase section */

/* Begin PBXSourcesBuildPhase section */
		E79B8AB125A45622004A3808 /* Sources */ = {
			isa = PBXSourcesBuildPhase;
			buildActionMask = 2147483647;
			files = (
				E79B8ABD25A45622004A3808 /* ViewController.m in Sources */,
				E79B8AC825A45624004A3808 /* main.m in Sources */,
				E79B8ABA25A45622004A3808 /* AppDelegate.m in Sources */,
			);
			runOnlyForDeploymentPostprocessing = 0;
		};
		E79B8AC925A45624004A3808 /* Sources */ = {
			isa = PBXSourcesBuildPhase;
			buildActionMask = 2147483647;
			files = (
				E79B8AD225A45624004A3808 /* practiceTests.m in Sources */,
			);
			runOnlyForDeploymentPostprocessing = 0;
		};
/* End PBXSourcesBuildPhase section */

/* Begin PBXTargetDependency section */
		E79B8ACF25A45624004A3808 /* PBXTargetDependency */ = {
			isa = PBXTargetDependency;
			target = E79B8AB425A45622004A3808 /* practice */;
			targetProxy = E79B8ACE25A45624004A3808 /* PBXContainerItemProxy */;
		};
/* End PBXTargetDependency section */

/* Begin PBXVariantGroup section */
		E79B8ABE25A45622004A3808 /* Main.storyboard */ = {
			isa = PBXVariantGroup;
			children = (
				E79B8ABF25A45622004A3808 /* Base */,
			);
			name = Main.storyboard;
			sourceTree = "<group>";
		};
		E79B8AC325A45624004A3808 /* LaunchScreen.storyboard */ = {
			isa = PBXVariantGroup;
			children = (
				E79B8AC425A45624004A3808 /* Base */,
			);
			name = LaunchScreen.storyboard;
			sourceTree = "<group>";
		};
/* End PBXVariantGroup section */

/* Begin XCBuildConfiguration section */
		E79B8AD425A45624004A3808 /* Debug */ = {
			isa = XCBuildConfiguration;
			buildSettings = {
				ALWAYS_SEARCH_USER_PATHS = NO;
				CLANG_ANALYZER_NONNULL = YES;
				CLANG_ANALYZER_NUMBER_OBJECT_CONVERSION = YES_AGGRESSIVE;
				CLANG_CXX_LANGUAGE_STANDARD = "gnu++14";
				CLANG_CXX_LIBRARY = "libc++";
				CLANG_ENABLE_MODULES = YES;
				CLANG_ENABLE_OBJC_ARC = YES;
				CLANG_ENABLE_OBJC_WEAK = YES;
				CLANG_WARN_BLOCK_CAPTURE_AUTORELEASING = YES;
				CLANG_WARN_BOOL_CONVERSION = YES;
				CLANG_WARN_COMMA = YES;
				CLANG_WARN_CONSTANT_CONVERSION = YES;
				CLANG_WARN_DEPRECATED_OBJC_IMPLEMENTATIONS = YES;
				CLANG_WARN_DIRECT_OBJC_ISA_USAGE = YES_ERROR;
				CLANG_WARN_DOCUMENTATION_COMMENTS = YES;
				CLANG_WARN_EMPTY_BODY = YES;
				CLANG_WARN_ENUM_CONVERSION = YES;
				CLANG_WARN_INFINITE_RECURSION = YES;
				CLANG_WARN_INT_CONVERSION = YES;
				CLANG_WARN_NON_LITERAL_NULL_CONVERSION = YES;
				CLANG_WARN_OBJC_IMPLICIT_RETAIN_SELF = YES;
				CLANG_WARN_OBJC_LITERAL_CONVERSION = YES;
				CLANG_WARN_OBJC_ROOT_CLASS = YES_ERROR;
				CLANG_WARN_RANGE_LOOP_ANALYSIS = YES;
				CLANG_WARN_STRICT_PROTOTYPES = YES;
				CLANG_WARN_SUSPICIOUS_MOVE = YES;
				CLANG_WARN_UNGUARDED_AVAILABILITY = YES_AGGRESSIVE;
				CLANG_WARN_UNREACHABLE_CODE = YES;
				CLANG_WARN__DUPLICATE_METHOD_MATCH = YES;
				CODE_SIGN_IDENTITY = "iPhone Developer";
				COPY_PHASE_STRIP = NO;
				DEBUG_INFORMATION_FORMAT = dwarf;
				ENABLE_STRICT_OBJC_MSGSEND = YES;
				ENABLE_TESTABILITY = YES;
				GCC_C_LANGUAGE_STANDARD = gnu11;
				GCC_DYNAMIC_NO_PIC = NO;
				GCC_NO_COMMON_BLOCKS = YES;
				GCC_OPTIMIZATION_LEVEL = 0;
				GCC_PREPROCESSOR_DEFINITIONS = (
					"DEBUG=1",
					"$(inherited)",
				);
				GCC_WARN_64_TO_32_BIT_CONVERSION = YES;
				GCC_WARN_ABOUT_RETURN_TYPE = YES_ERROR;
				GCC_WARN_UNDECLARED_SELECTOR = YES;
				GCC_WARN_UNINITIALIZED_AUTOS = YES_AGGRESSIVE;
				GCC_WARN_UNUSED_FUNCTION = YES;
				GCC_WARN_UNUSED_VARIABLE = YES;
				IPHONEOS_DEPLOYMENT_TARGET = 12.1;
				MTL_ENABLE_DEBUG_INFO = INCLUDE_SOURCE;
				MTL_FAST_MATH = YES;
				ONLY_ACTIVE_ARCH = YES;
				SDKROOT = iphoneos;
			};
			name = Debug;
		};
		E79B8AD525A45624004A3808 /* Release */ = {
			isa = XCBuildConfiguration;
			buildSettings = {
				ALWAYS_SEARCH_USER_PATHS = NO;
				CLANG_ANALYZER_NONNULL = YES;
				CLANG_ANALYZER_NUMBER_OBJECT_CONVERSION = YES_AGGRESSIVE;
				CLANG_CXX_LANGUAGE_STANDARD = "gnu++14";
				CLANG_CXX_LIBRARY = "libc++";
				CLANG_ENABLE_MODULES = YES;
				CLANG_ENABLE_OBJC_ARC = YES;
				CLANG_ENABLE_OBJC_WEAK = YES;
				CLANG_WARN_BLOCK_CAPTURE_AUTORELEASING = YES;
				CLANG_WARN_BOOL_CONVERSION = YES;
				CLANG_WARN_COMMA = YES;
				CLANG_WARN_CONSTANT_CONVERSION = YES;
				CLANG_WARN_DEPRECATED_OBJC_IMPLEMENTATIONS = YES;
				CLANG_WARN_DIRECT_OBJC_ISA_USAGE = YES_ERROR;
				CLANG_WARN_DOCUMENTATION_COMMENTS = YES;
				CLANG_WARN_EMPTY_BODY = YES;
				CLANG_WARN_ENUM_CONVERSION = YES;
				CLANG_WARN_INFINITE_RECURSION = YES;
				CLANG_WARN_INT_CONVERSION = YES;
				CLANG_WARN_NON_LITERAL_NULL_CONVERSION = YES;
				CLANG_WARN_OBJC_IMPLICIT_RETAIN_SELF = YES;
				CLANG_WARN_OBJC_LITERAL_CONVERSION = YES;
				CLANG_WARN_OBJC_ROOT_CLASS = YES_ERROR;
				CLANG_WARN_RANGE_LOOP_ANALYSIS = YES;
				CLANG_WARN_STRICT_PROTOTYPES = YES;
				CLANG_WARN_SUSPICIOUS_MOVE = YES;
				CLANG_WARN_UNGUARDED_AVAILABILITY = YES_AGGRESSIVE;
				CLANG_WARN_UNREACHABLE_CODE = YES;
				CLANG_WARN__DUPLICATE_METHOD_MATCH = YES;
				CODE_SIGN_IDENTITY = "iPhone Developer";
				COPY_PHASE_STRIP = NO;
				DEBUG_INFORMATION_FORMAT = "dwarf-with-dsym";
				ENABLE_NS_ASSERTIONS = NO;
				ENABLE_STRICT_OBJC_MSGSEND = YES;
				GCC_C_LANGUAGE_STANDARD = gnu11;
				GCC_NO_COMMON_BLOCKS = YES;
				GCC_WARN_64_TO_32_BIT_CONVERSION = YES;
				GCC_WARN_ABOUT_RETURN_TYPE = YES_ERROR;
				GCC_WARN_UNDECLARED_SELECTOR = YES;
				GCC_WARN_UNINITIALIZED_AUTOS = YES_AGGRESSIVE;
				GCC_WARN_UNUSED_FUNCTION = YES;
				GCC_WARN_UNUSED_VARIABLE = YES;
				IPHONEOS_DEPLOYMENT_TARGET = 12.1;
				MTL_ENABLE_DEBUG_INFO = NO;
				MTL_FAST_MATH = YES;
				SDKROOT = iphoneos;
				VALIDATE_PRODUCT = YES;
			};
			name = Release;
		};
		E79B8AD725A45624004A3808 /* Debug */ = {
			isa = XCBuildConfiguration;
			buildSettings = {
				ASSETCATALOG_COMPILER_APPICON_NAME = AppIcon;
				CODE_SIGN_STYLE = Automatic;
				DEVELOPMENT_TEAM = 6KK5CJ4TLL;
				INFOPLIST_FILE = practice/Info.plist;
				LD_RUNPATH_SEARCH_PATHS = (
					"$(inherited)",
					"@executable_path/Frameworks",
				);
				PRODUCT_BUNDLE_IDENTIFIER = hjx.practice;
				PRODUCT_NAME = "$(TARGET_NAME)";
				TARGETED_DEVICE_FAMILY = "1,2";
			};
			name = Debug;
		};
		E79B8AD825A45624004A3808 /* Release */ = {
			isa = XCBuildConfiguration;
			buildSettings = {
				ASSETCATALOG_COMPILER_APPICON_NAME = AppIcon;
				CODE_SIGN_STYLE = Automatic;
				DEVELOPMENT_TEAM = 6KK5CJ4TLL;
				INFOPLIST_FILE = practice/Info.plist;
				LD_RUNPATH_SEARCH_PATHS = (
					"$(inherited)",
					"@executable_path/Frameworks",
				);
				PRODUCT_BUNDLE_IDENTIFIER = hjx.practice;
				PRODUCT_NAME = "$(TARGET_NAME)";
				TARGETED_DEVICE_FAMILY = "1,2";
			};
			name = Release;
		};
		E79B8ADA25A45624004A3808 /* Debug */ = {
			isa = XCBuildConfiguration;
			buildSettings = {
				BUNDLE_LOADER = "$(TEST_HOST)";
				CODE_SIGN_STYLE = Automatic;
				DEVELOPMENT_TEAM = 6KK5CJ4TLL;
				INFOPLIST_FILE = practiceTests/Info.plist;
				LD_RUNPATH_SEARCH_PATHS = (
					"$(inherited)",
					"@executable_path/Frameworks",
					"@loader_path/Frameworks",
				);
				PRODUCT_BUNDLE_IDENTIFIER = hjx.practiceTests;
				PRODUCT_NAME = "$(TARGET_NAME)";
				TARGETED_DEVICE_FAMILY = "1,2";
				TEST_HOST = "$(BUILT_PRODUCTS_DIR)/practice.app/practice";
			};
			name = Debug;
		};
		E79B8ADB25A45624004A3808 /* Release */ = {
			isa = XCBuildConfiguration;
			buildSettings = {
				BUNDLE_LOADER = "$(TEST_HOST)";
				CODE_SIGN_STYLE = Automatic;
				DEVELOPMENT_TEAM = 6KK5CJ4TLL;
				INFOPLIST_FILE = practiceTests/Info.plist;
				LD_RUNPATH_SEARCH_PATHS = (
					"$(inherited)",
					"@executable_path/Frameworks",
					"@loader_path/Frameworks",
				);
				PRODUCT_BUNDLE_IDENTIFIER = hjx.practiceTests;
				PRODUCT_NAME = "$(TARGET_NAME)";
				TARGETED_DEVICE_FAMILY = "1,2";
				TEST_HOST = "$(BUILT_PRODUCTS_DIR)/practice.app/practice";
			};
			name = Release;
		};
/* End XCBuildConfiguration section */

/* Begin XCConfigurationList section */
		E79B8AB025A45622004A3808 /* Build configuration list for PBXProject "practice" */ = {
			isa = XCConfigurationList;
			buildConfigurations = (
				E79B8AD425A45624004A3808 /* Debug */,
				E79B8AD525A45624004A3808 /* Release */,
			);
			defaultConfigurationIsVisible = 0;
			defaultConfigurationName = Release;
		};
		E79B8AD625A45624004A3808 /* Build configuration list for PBXNativeTarget "practice" */ = {
			isa = XCConfigurationList;
			buildConfigurations = (
				E79B8AD725A45624004A3808 /* Debug */,
				E79B8AD825A45624004A3808 /* Release */,
			);
			defaultConfigurationIsVisible = 0;
			defaultConfigurationName = Release;
		};
		E79B8AD925A45624004A3808 /* Build configuration list for PBXNativeTarget "practiceTests" */ = {
			isa = XCConfigurationList;
			buildConfigurations = (
				E79B8ADA25A45624004A3808 /* Debug */,
				E79B8ADB25A45624004A3808 /* Release */,
			);
			defaultConfigurationIsVisible = 0;
			defaultConfigurationName = Release;
		};
/* End XCConfigurationList section */
	};
	rootObject = E79B8AAD25A45622004A3808 /* Project object */;
}
